
Microsoft Visual Studio Solution File, Format Version 12.00
# Visual Studio Version 17
VisualStudioVersion = 17.4.33213.308
MinimumVisualStudioVersion = 10.0.40219.1
Project("{FAE04EC0-301F-11D3-BF4B-00C04F79EFBC}") = "Exercise", "Exercise\Exercise.csproj", "{8E3F7A9A-4240-4F38-A10C-34CF9198370E}"
EndProject
Global
	GlobalSection(SolutionConfigurationPlatforms) = preSolution
		Debug|Any CPU = Debug|Any CPU
		Release|Any CPU = Release|Any CPU
	EndGlobalSection
	GlobalSection(ProjectConfigurationPlatforms) = postSolution
		{8E3F7A9A-4240-4F38-A10C-34CF9198370E}.Debug|Any CPU.ActiveCfg = Debug|Any CPU
		{8E3F7A9A-4240-4F38-A10C-34CF9198370E}.Debug|Any CPU.Build.0 = Debug|Any CPU
		{8E3F7A9A-4240-4F38-A10C-34CF9198370E}.Release|Any CPU.ActiveCfg = Release|Any CPU
		{8E3F7A9A-4240-4F38-A10C-34CF9198370E}.Release|Any CPU.Build.0 = Release|Any CPU
	EndGlobalSection
	GlobalSection(SolutionProperties) = preSolution
		HideSolutionNode = FALSE
	EndGlobalSection
	GlobalSection(ExtensibilityGlobals) = postSolution
		SolutionGuid = {DAE7A0F4-7DF1-4D1E-BD39-3BDD75D9BBF2}
	EndGlobalSection
EndGlobal
